// !$*UTF8*$!
{
	archiveVersion = 1;
	classes = {
	};
	objectVersion = 56;
	objects = {

/* Begin PBXBuildFile section */
		0254A0985FDBA596F55605EC /* Pods_WheelOfDinner.framework in Frameworks */ = {isa = PBXBuildFile; fileRef = 792F8F6669413391703DB32C /* Pods_WheelOfDinner.framework */; };
		76051400293DAD670034807B /* LikeViewController.swift in Sources */ = {isa = PBXBuildFile; fileRef = 760513FF293DAD670034807B /* LikeViewController.swift */; };
		76051402293DBA5F0034807B /* ResultViewController.swift in Sources */ = {isa = PBXBuildFile; fileRef = 76051401293DBA5F0034807B /* ResultViewController.swift */; };
		76051406293DD23F0034807B /* GooglePlacesManager.swift in Sources */ = {isa = PBXBuildFile; fileRef = 76051405293DD23F0034807B /* GooglePlacesManager.swift */; };
		760E46CD29134F5F00C2FA15 /* AppDelegate.swift in Sources */ = {isa = PBXBuildFile; fileRef = 760E46CC29134F5F00C2FA15 /* AppDelegate.swift */; };
		760E46CF29134F5F00C2FA15 /* SceneDelegate.swift in Sources */ = {isa = PBXBuildFile; fileRef = 760E46CE29134F5F00C2FA15 /* SceneDelegate.swift */; };
		760E46D129134F5F00C2FA15 /* ViewController.swift in Sources */ = {isa = PBXBuildFile; fileRef = 760E46D029134F5F00C2FA15 /* ViewController.swift */; };
		760E46D429134F5F00C2FA15 /* Main.storyboard in Resources */ = {isa = PBXBuildFile; fileRef = 760E46D229134F5F00C2FA15 /* Main.storyboard */; };
		760E46D629134F6000C2FA15 /* Assets.xcassets in Resources */ = {isa = PBXBuildFile; fileRef = 760E46D529134F6000C2FA15 /* Assets.xcassets */; };
		760E46D929134F6000C2FA15 /* LaunchScreen.storyboard in Resources */ = {isa = PBXBuildFile; fileRef = 760E46D729134F6000C2FA15 /* LaunchScreen.storyboard */; };
		760E46E429134F6000C2FA15 /* WheelOfDinnerTests.swift in Sources */ = {isa = PBXBuildFile; fileRef = 760E46E329134F6000C2FA15 /* WheelOfDinnerTests.swift */; };
		760E46EE29134F6000C2FA15 /* WheelOfDinnerUITests.swift in Sources */ = {isa = PBXBuildFile; fileRef = 760E46ED29134F6000C2FA15 /* WheelOfDinnerUITests.swift */; };
		760E46F029134F6000C2FA15 /* WheelOfDinnerUITestsLaunchTests.swift in Sources */ = {isa = PBXBuildFile; fileRef = 760E46EF29134F6000C2FA15 /* WheelOfDinnerUITestsLaunchTests.swift */; };
		761895CD29189ED2000C137E /* YelpAPI.swift in Sources */ = {isa = PBXBuildFile; fileRef = 761895CC29189ED2000C137E /* YelpAPI.swift */; };
		761895CF2918A415000C137E /* MapViewController.swift in Sources */ = {isa = PBXBuildFile; fileRef = 761895CE2918A415000C137E /* MapViewController.swift */; };
		761895D12918D8EF000C137E /* MapContentViewController.swift in Sources */ = {isa = PBXBuildFile; fileRef = 761895D02918D8EF000C137E /* MapContentViewController.swift */; };
		761895D42918DCA0000C137E /* FloatingPanel in Frameworks */ = {isa = PBXBuildFile; productRef = 761895D32918DCA0000C137E /* FloatingPanel */; };
		762D8FC5293ED66900500F19 /* UserModel.swift in Sources */ = {isa = PBXBuildFile; fileRef = 762D8FC4293ED66900500F19 /* UserModel.swift */; };
		76350BFF2939711400FFF9FD /* GoogleService-Info.plist in Resources */ = {isa = PBXBuildFile; fileRef = 76350BFE2939711400FFF9FD /* GoogleService-Info.plist */; };
		76350C012939752A00FFF9FD /* LogInViewController.swift in Sources */ = {isa = PBXBuildFile; fileRef = 76350C002939752A00FFF9FD /* LogInViewController.swift */; };
		76350C032939753B00FFF9FD /* SignUpViewController.swift in Sources */ = {isa = PBXBuildFile; fileRef = 76350C022939753B00FFF9FD /* SignUpViewController.swift */; };
		76350C05293CB27400FFF9FD /* Constants.swift in Sources */ = {isa = PBXBuildFile; fileRef = 76350C04293CB27400FFF9FD /* Constants.swift */; };
		76350C08293CB31C00FFF9FD /* HomeViewController.swift in Sources */ = {isa = PBXBuildFile; fileRef = 76350C07293CB31C00FFF9FD /* HomeViewController.swift */; };
		76350C0D293D71B100FFF9FD /* TableViewCell.swift in Sources */ = {isa = PBXBuildFile; fileRef = 76350C0C293D71B100FFF9FD /* TableViewCell.swift */; };
		76350C11293D7A4600FFF9FD /* ResultModel.swift in Sources */ = {isa = PBXBuildFile; fileRef = 76350C10293D7A4600FFF9FD /* ResultModel.swift */; };
		76350C13293D7A9200FFF9FD /* Business.swift in Sources */ = {isa = PBXBuildFile; fileRef = 76350C12293D7A9200FFF9FD /* Business.swift */; };
		76350C16293D7CEE00FFF9FD /* Kingfisher in Frameworks */ = {isa = PBXBuildFile; productRef = 76350C15293D7CEE00FFF9FD /* Kingfisher */; };
		76350C18293D8CCB00FFF9FD /* User.swift in Sources */ = {isa = PBXBuildFile; fileRef = 76350C17293D8CCB00FFF9FD /* User.swift */; };
		7693842B293E0B5E002AE7AF /* WebViewController.swift in Sources */ = {isa = PBXBuildFile; fileRef = 7693842A293E0B5E002AE7AF /* WebViewController.swift */; };
		76E491F9291C9EE4003254E7 /* FirebaseAnalytics in Frameworks */ = {isa = PBXBuildFile; productRef = 76E491F8291C9EE4003254E7 /* FirebaseAnalytics */; };
		76E491FB291C9EE4003254E7 /* FirebaseAnalyticsSwift in Frameworks */ = {isa = PBXBuildFile; productRef = 76E491FA291C9EE4003254E7 /* FirebaseAnalyticsSwift */; };
		76E491FD291C9EE4003254E7 /* FirebaseAuth in Frameworks */ = {isa = PBXBuildFile; productRef = 76E491FC291C9EE4003254E7 /* FirebaseAuth */; };
		76E491FF291C9EE4003254E7 /* FirebaseAuthCombine-Community in Frameworks */ = {isa = PBXBuildFile; productRef = 76E491FE291C9EE4003254E7 /* FirebaseAuthCombine-Community */; };
		76E49201291C9EE4003254E7 /* FirebaseDatabase in Frameworks */ = {isa = PBXBuildFile; productRef = 76E49200291C9EE4003254E7 /* FirebaseDatabase */; };
		76E49203291C9EE4003254E7 /* FirebaseDatabaseSwift in Frameworks */ = {isa = PBXBuildFile; productRef = 76E49202291C9EE4003254E7 /* FirebaseDatabaseSwift */; };
		76E49205291C9EE4003254E7 /* FirebaseFirestore in Frameworks */ = {isa = PBXBuildFile; productRef = 76E49204291C9EE4003254E7 /* FirebaseFirestore */; };
		76E49207291C9EE4003254E7 /* FirebaseFirestoreCombine-Community in Frameworks */ = {isa = PBXBuildFile; productRef = 76E49206291C9EE4003254E7 /* FirebaseFirestoreCombine-Community */; };
		76E49209291C9EE4003254E7 /* FirebaseFirestoreSwift in Frameworks */ = {isa = PBXBuildFile; productRef = 76E49208291C9EE4003254E7 /* FirebaseFirestoreSwift */; };
		76E4920B291C9EE4003254E7 /* FirebaseStorage in Frameworks */ = {isa = PBXBuildFile; productRef = 76E4920A291C9EE4003254E7 /* FirebaseStorage */; };
		76E4920D291C9EE4003254E7 /* FirebaseStorageCombine-Community in Frameworks */ = {isa = PBXBuildFile; productRef = 76E4920C291C9EE4003254E7 /* FirebaseStorageCombine-Community */; };
		76E4920F291C9F39003254E7 /* Firebase.swift in Sources */ = {isa = PBXBuildFile; fileRef = 76E4920E291C9F39003254E7 /* Firebase.swift */; };
		B6FC04927C884203D851BF8B /* Pods_WheelOfDinnerTests.framework in Frameworks */ = {isa = PBXBuildFile; fileRef = 0068BF894F9BF98C6E2DE6BF /* Pods_WheelOfDinnerTests.framework */; };
		D9DD844E24D5D61103EBD20E /* Pods_WheelOfDinner_WheelOfDinnerUITests.framework in Frameworks */ = {isa = PBXBuildFile; fileRef = 4075D7260302E221A6C3DCF0 /* Pods_WheelOfDinner_WheelOfDinnerUITests.framework */; };
/* End PBXBuildFile section */

/* Begin PBXContainerItemProxy section */
		760E46E029134F6000C2FA15 /* PBXContainerItemProxy */ = {
			isa = PBXContainerItemProxy;
			containerPortal = 760E46C129134F5F00C2FA15 /* Project object */;
			proxyType = 1;
			remoteGlobalIDString = 760E46C829134F5F00C2FA15;
			remoteInfo = WheelOfDinner;
		};
		760E46EA29134F6000C2FA15 /* PBXContainerItemProxy */ = {
			isa = PBXContainerItemProxy;
			containerPortal = 760E46C129134F5F00C2FA15 /* Project object */;
			proxyType = 1;
			remoteGlobalIDString = 760E46C829134F5F00C2FA15;
			remoteInfo = WheelOfDinner;
		};
/* End PBXContainerItemProxy section */

/* Begin PBXFileReference section */
		0068BF894F9BF98C6E2DE6BF /* Pods_WheelOfDinnerTests.framework */ = {isa = PBXFileReference; explicitFileType = wrapper.framework; includeInIndex = 0; path = Pods_WheelOfDinnerTests.framework; sourceTree = BUILT_PRODUCTS_DIR; };
		4075D7260302E221A6C3DCF0 /* Pods_WheelOfDinner_WheelOfDinnerUITests.framework */ = {isa = PBXFileReference; explicitFileType = wrapper.framework; includeInIndex = 0; path = Pods_WheelOfDinner_WheelOfDinnerUITests.framework; sourceTree = BUILT_PRODUCTS_DIR; };
		43F077CFEB3047C5CC45D86F /* Pods-WheelOfDinnerTests.release.xcconfig */ = {isa = PBXFileReference; includeInIndex = 1; lastKnownFileType = text.xcconfig; name = "Pods-WheelOfDinnerTests.release.xcconfig"; path = "Target Support Files/Pods-WheelOfDinnerTests/Pods-WheelOfDinnerTests.release.xcconfig"; sourceTree = "<group>"; };
		760513FF293DAD670034807B /* LikeViewController.swift */ = {isa = PBXFileReference; lastKnownFileType = sourcecode.swift; path = LikeViewController.swift; sourceTree = "<group>"; };
		76051401293DBA5F0034807B /* ResultViewController.swift */ = {isa = PBXFileReference; lastKnownFileType = sourcecode.swift; path = ResultViewController.swift; sourceTree = "<group>"; };
		76051405293DD23F0034807B /* GooglePlacesManager.swift */ = {isa = PBXFileReference; lastKnownFileType = sourcecode.swift; path = GooglePlacesManager.swift; sourceTree = "<group>"; };
		760E46C929134F5F00C2FA15 /* WheelOfDinner.app */ = {isa = PBXFileReference; explicitFileType = wrapper.application; includeInIndex = 0; path = WheelOfDinner.app; sourceTree = BUILT_PRODUCTS_DIR; };
		760E46CC29134F5F00C2FA15 /* AppDelegate.swift */ = {isa = PBXFileReference; lastKnownFileType = sourcecode.swift; path = AppDelegate.swift; sourceTree = "<group>"; };
		760E46CE29134F5F00C2FA15 /* SceneDelegate.swift */ = {isa = PBXFileReference; lastKnownFileType = sourcecode.swift; path = SceneDelegate.swift; sourceTree = "<group>"; };
		760E46D029134F5F00C2FA15 /* ViewController.swift */ = {isa = PBXFileReference; lastKnownFileType = sourcecode.swift; path = ViewController.swift; sourceTree = "<group>"; };
		760E46D329134F5F00C2FA15 /* Base */ = {isa = PBXFileReference; lastKnownFileType = file.storyboard; name = Base; path = Base.lproj/Main.storyboard; sourceTree = "<group>"; };
		760E46D529134F6000C2FA15 /* Assets.xcassets */ = {isa = PBXFileReference; lastKnownFileType = folder.assetcatalog; path = Assets.xcassets; sourceTree = "<group>"; };
		760E46D829134F6000C2FA15 /* Base */ = {isa = PBXFileReference; lastKnownFileType = file.storyboard; name = Base; path = Base.lproj/LaunchScreen.storyboard; sourceTree = "<group>"; };
		760E46DA29134F6000C2FA15 /* Info.plist */ = {isa = PBXFileReference; lastKnownFileType = text.plist.xml; path = Info.plist; sourceTree = "<group>"; };
		760E46DF29134F6000C2FA15 /* WheelOfDinnerTests.xctest */ = {isa = PBXFileReference; explicitFileType = wrapper.cfbundle; includeInIndex = 0; path = WheelOfDinnerTests.xctest; sourceTree = BUILT_PRODUCTS_DIR; };
		760E46E329134F6000C2FA15 /* WheelOfDinnerTests.swift */ = {isa = PBXFileReference; lastKnownFileType = sourcecode.swift; path = WheelOfDinnerTests.swift; sourceTree = "<group>"; };
		760E46E929134F6000C2FA15 /* WheelOfDinnerUITests.xctest */ = {isa = PBXFileReference; explicitFileType = wrapper.cfbundle; includeInIndex = 0; path = WheelOfDinnerUITests.xctest; sourceTree = BUILT_PRODUCTS_DIR; };
		760E46ED29134F6000C2FA15 /* WheelOfDinnerUITests.swift */ = {isa = PBXFileReference; lastKnownFileType = sourcecode.swift; path = WheelOfDinnerUITests.swift; sourceTree = "<group>"; };
		760E46EF29134F6000C2FA15 /* WheelOfDinnerUITestsLaunchTests.swift */ = {isa = PBXFileReference; lastKnownFileType = sourcecode.swift; path = WheelOfDinnerUITestsLaunchTests.swift; sourceTree = "<group>"; };
		761895CC29189ED2000C137E /* YelpAPI.swift */ = {isa = PBXFileReference; lastKnownFileType = sourcecode.swift; path = YelpAPI.swift; sourceTree = "<group>"; };
		761895CE2918A415000C137E /* MapViewController.swift */ = {isa = PBXFileReference; lastKnownFileType = sourcecode.swift; path = MapViewController.swift; sourceTree = "<group>"; };
		761895D02918D8EF000C137E /* MapContentViewController.swift */ = {isa = PBXFileReference; lastKnownFileType = sourcecode.swift; path = MapContentViewController.swift; sourceTree = "<group>"; };
		762D8FC4293ED66900500F19 /* UserModel.swift */ = {isa = PBXFileReference; lastKnownFileType = sourcecode.swift; path = UserModel.swift; sourceTree = "<group>"; };
		76350BFE2939711400FFF9FD /* GoogleService-Info.plist */ = {isa = PBXFileReference; fileEncoding = 4; lastKnownFileType = text.plist.xml; path = "GoogleService-Info.plist"; sourceTree = "<group>"; };
		76350C002939752A00FFF9FD /* LogInViewController.swift */ = {isa = PBXFileReference; lastKnownFileType = sourcecode.swift; path = LogInViewController.swift; sourceTree = "<group>"; };
		76350C022939753B00FFF9FD /* SignUpViewController.swift */ = {isa = PBXFileReference; lastKnownFileType = sourcecode.swift; path = SignUpViewController.swift; sourceTree = "<group>"; };
		76350C04293CB27400FFF9FD /* Constants.swift */ = {isa = PBXFileReference; lastKnownFileType = sourcecode.swift; path = Constants.swift; sourceTree = "<group>"; };
		76350C07293CB31C00FFF9FD /* HomeViewController.swift */ = {isa = PBXFileReference; lastKnownFileType = sourcecode.swift; path = HomeViewController.swift; sourceTree = "<group>"; };
		76350C0C293D71B100FFF9FD /* TableViewCell.swift */ = {isa = PBXFileReference; lastKnownFileType = sourcecode.swift; path = TableViewCell.swift; sourceTree = "<group>"; };
		76350C10293D7A4600FFF9FD /* ResultModel.swift */ = {isa = PBXFileReference; lastKnownFileType = sourcecode.swift; path = ResultModel.swift; sourceTree = "<group>"; };
		76350C12293D7A9200FFF9FD /* Business.swift */ = {isa = PBXFileReference; lastKnownFileType = sourcecode.swift; path = Business.swift; sourceTree = "<group>"; };
		76350C17293D8CCB00FFF9FD /* User.swift */ = {isa = PBXFileReference; lastKnownFileType = sourcecode.swift; path = User.swift; sourceTree = "<group>"; };
		7693842A293E0B5E002AE7AF /* WebViewController.swift */ = {isa = PBXFileReference; lastKnownFileType = sourcecode.swift; path = WebViewController.swift; sourceTree = "<group>"; };
		76E4920E291C9F39003254E7 /* Firebase.swift */ = {isa = PBXFileReference; lastKnownFileType = sourcecode.swift; path = Firebase.swift; sourceTree = "<group>"; };
		792F8F6669413391703DB32C /* Pods_WheelOfDinner.framework */ = {isa = PBXFileReference; explicitFileType = wrapper.framework; includeInIndex = 0; path = Pods_WheelOfDinner.framework; sourceTree = BUILT_PRODUCTS_DIR; };
		8F8E28C6CB247388F3DBC337 /* Pods-WheelOfDinner.debug.xcconfig */ = {isa = PBXFileReference; includeInIndex = 1; lastKnownFileType = text.xcconfig; name = "Pods-WheelOfDinner.debug.xcconfig"; path = "Target Support Files/Pods-WheelOfDinner/Pods-WheelOfDinner.debug.xcconfig"; sourceTree = "<group>"; };
		93D444685F559D5A96A12079 /* Pods-WheelOfDinnerTests.debug.xcconfig */ = {isa = PBXFileReference; includeInIndex = 1; lastKnownFileType = text.xcconfig; name = "Pods-WheelOfDinnerTests.debug.xcconfig"; path = "Target Support Files/Pods-WheelOfDinnerTests/Pods-WheelOfDinnerTests.debug.xcconfig"; sourceTree = "<group>"; };
		9F9720B254D3F62499A0BB99 /* Pods-WheelOfDinner.release.xcconfig */ = {isa = PBXFileReference; includeInIndex = 1; lastKnownFileType = text.xcconfig; name = "Pods-WheelOfDinner.release.xcconfig"; path = "Target Support Files/Pods-WheelOfDinner/Pods-WheelOfDinner.release.xcconfig"; sourceTree = "<group>"; };
		DCFBF12EAF26195A1D07B213 /* Pods-WheelOfDinner-WheelOfDinnerUITests.release.xcconfig */ = {isa = PBXFileReference; includeInIndex = 1; lastKnownFileType = text.xcconfig; name = "Pods-WheelOfDinner-WheelOfDinnerUITests.release.xcconfig"; path = "Target Support Files/Pods-WheelOfDinner-WheelOfDinnerUITests/Pods-WheelOfDinner-WheelOfDinnerUITests.release.xcconfig"; sourceTree = "<group>"; };
		E0DB7C6AE6EDC5BE079621AC /* Pods-WheelOfDinner-WheelOfDinnerUITests.debug.xcconfig */ = {isa = PBXFileReference; includeInIndex = 1; lastKnownFileType = text.xcconfig; name = "Pods-WheelOfDinner-WheelOfDinnerUITests.debug.xcconfig"; path = "Target Support Files/Pods-WheelOfDinner-WheelOfDinnerUITests/Pods-WheelOfDinner-WheelOfDinnerUITests.debug.xcconfig"; sourceTree = "<group>"; };
/* End PBXFileReference section */

/* Begin PBXFrameworksBuildPhase section */
		760E46C629134F5F00C2FA15 /* Frameworks */ = {
			isa = PBXFrameworksBuildPhase;
			buildActionMask = 2147483647;
			files = (
				76E49203291C9EE4003254E7 /* FirebaseDatabaseSwift in Frameworks */,
				76E49201291C9EE4003254E7 /* FirebaseDatabase in Frameworks */,
				76350C16293D7CEE00FFF9FD /* Kingfisher in Frameworks */,
				76E491FB291C9EE4003254E7 /* FirebaseAnalyticsSwift in Frameworks */,
				76E49207291C9EE4003254E7 /* FirebaseFirestoreCombine-Community in Frameworks */,
				76E491F9291C9EE4003254E7 /* FirebaseAnalytics in Frameworks */,
				76E49209291C9EE4003254E7 /* FirebaseFirestoreSwift in Frameworks */,
				761895D42918DCA0000C137E /* FloatingPanel in Frameworks */,
				76E49205291C9EE4003254E7 /* FirebaseFirestore in Frameworks */,
				76E4920B291C9EE4003254E7 /* FirebaseStorage in Frameworks */,
				76E491FD291C9EE4003254E7 /* FirebaseAuth in Frameworks */,
				76E4920D291C9EE4003254E7 /* FirebaseStorageCombine-Community in Frameworks */,
				76E491FF291C9EE4003254E7 /* FirebaseAuthCombine-Community in Frameworks */,
				0254A0985FDBA596F55605EC /* Pods_WheelOfDinner.framework in Frameworks */,
			);
			runOnlyForDeploymentPostprocessing = 0;
		};
		760E46DC29134F6000C2FA15 /* Frameworks */ = {
			isa = PBXFrameworksBuildPhase;
			buildActionMask = 2147483647;
			files = (
				B6FC04927C884203D851BF8B /* Pods_WheelOfDinnerTests.framework in Frameworks */,
			);
			runOnlyForDeploymentPostprocessing = 0;
		};
		760E46E629134F6000C2FA15 /* Frameworks */ = {
			isa = PBXFrameworksBuildPhase;
			buildActionMask = 2147483647;
			files = (
				D9DD844E24D5D61103EBD20E /* Pods_WheelOfDinner_WheelOfDinnerUITests.framework in Frameworks */,
			);
			runOnlyForDeploymentPostprocessing = 0;
		};
/* End PBXFrameworksBuildPhase section */

/* Begin PBXGroup section */
		2AC84C02990308698B120BAA /* Pods */ = {
			isa = PBXGroup;
			children = (
				8F8E28C6CB247388F3DBC337 /* Pods-WheelOfDinner.debug.xcconfig */,
				9F9720B254D3F62499A0BB99 /* Pods-WheelOfDinner.release.xcconfig */,
				E0DB7C6AE6EDC5BE079621AC /* Pods-WheelOfDinner-WheelOfDinnerUITests.debug.xcconfig */,
				DCFBF12EAF26195A1D07B213 /* Pods-WheelOfDinner-WheelOfDinnerUITests.release.xcconfig */,
				93D444685F559D5A96A12079 /* Pods-WheelOfDinnerTests.debug.xcconfig */,
				43F077CFEB3047C5CC45D86F /* Pods-WheelOfDinnerTests.release.xcconfig */,
			);
			path = Pods;
			sourceTree = "<group>";
		};
		760E46C029134F5F00C2FA15 = {
			isa = PBXGroup;
			children = (
				760E46CB29134F5F00C2FA15 /* WheelOfDinner */,
				760E46E229134F6000C2FA15 /* WheelOfDinnerTests */,
				760E46EC29134F6000C2FA15 /* WheelOfDinnerUITests */,
				760E46CA29134F5F00C2FA15 /* Products */,
				2AC84C02990308698B120BAA /* Pods */,
				E43E53673FC2ACC314452EF7 /* Frameworks */,
			);
			sourceTree = "<group>";
		};
		760E46CA29134F5F00C2FA15 /* Products */ = {
			isa = PBXGroup;
			children = (
				760E46C929134F5F00C2FA15 /* WheelOfDinner.app */,
				760E46DF29134F6000C2FA15 /* WheelOfDinnerTests.xctest */,
				760E46E929134F6000C2FA15 /* WheelOfDinnerUITests.xctest */,
			);
			name = Products;
			sourceTree = "<group>";
		};
		760E46CB29134F5F00C2FA15 /* WheelOfDinner */ = {
			isa = PBXGroup;
			children = (
				76350C06293CB29700FFF9FD /* Helpers */,
				760E46FF291351E900C2FA15 /* Services */,
				760E46FE291351D400C2FA15 /* Controllers */,
				760E46FD2913517800C2FA15 /* Views */,
				760E46FC2913517000C2FA15 /* Models */,
				760E46D529134F6000C2FA15 /* Assets.xcassets */,
				760E46D729134F6000C2FA15 /* LaunchScreen.storyboard */,
				76350BFE2939711400FFF9FD /* GoogleService-Info.plist */,
				760E46DA29134F6000C2FA15 /* Info.plist */,
			);
			path = WheelOfDinner;
			sourceTree = "<group>";
		};
		760E46E229134F6000C2FA15 /* WheelOfDinnerTests */ = {
			isa = PBXGroup;
			children = (
				760E46E329134F6000C2FA15 /* WheelOfDinnerTests.swift */,
			);
			path = WheelOfDinnerTests;
			sourceTree = "<group>";
		};
		760E46EC29134F6000C2FA15 /* WheelOfDinnerUITests */ = {
			isa = PBXGroup;
			children = (
				760E46ED29134F6000C2FA15 /* WheelOfDinnerUITests.swift */,
				760E46EF29134F6000C2FA15 /* WheelOfDinnerUITestsLaunchTests.swift */,
			);
			path = WheelOfDinnerUITests;
			sourceTree = "<group>";
		};
		760E46FC2913517000C2FA15 /* Models */ = {
			isa = PBXGroup;
			children = (
				76350C0C293D71B100FFF9FD /* TableViewCell.swift */,
				76350C10293D7A4600FFF9FD /* ResultModel.swift */,
				76350C12293D7A9200FFF9FD /* Business.swift */,
				76350C17293D8CCB00FFF9FD /* User.swift */,
				762D8FC4293ED66900500F19 /* UserModel.swift */,
			);
			path = Models;
			sourceTree = "<group>";
		};
		760E46FD2913517800C2FA15 /* Views */ = {
			isa = PBXGroup;
			children = (
				760E46D229134F5F00C2FA15 /* Main.storyboard */,
			);
			path = Views;
			sourceTree = "<group>";
		};
		760E46FE291351D400C2FA15 /* Controllers */ = {
			isa = PBXGroup;
			children = (
				76938429293E05AE002AE7AF /* Map */,
				760E46D029134F5F00C2FA15 /* ViewController.swift */,
				760E46CE29134F5F00C2FA15 /* SceneDelegate.swift */,
				760E46CC29134F5F00C2FA15 /* AppDelegate.swift */,
				76350C002939752A00FFF9FD /* LogInViewController.swift */,
				76350C022939753B00FFF9FD /* SignUpViewController.swift */,
				76350C07293CB31C00FFF9FD /* HomeViewController.swift */,
				760513FF293DAD670034807B /* LikeViewController.swift */,
				7693842A293E0B5E002AE7AF /* WebViewController.swift */,
			);
			path = Controllers;
			sourceTree = "<group>";
		};
		760E46FF291351E900C2FA15 /* Services */ = {
			isa = PBXGroup;
			children = (
				761895CC29189ED2000C137E /* YelpAPI.swift */,
				76E4920E291C9F39003254E7 /* Firebase.swift */,
				76051405293DD23F0034807B /* GooglePlacesManager.swift */,
			);
			path = Services;
			sourceTree = "<group>";
		};
		76350C06293CB29700FFF9FD /* Helpers */ = {
			isa = PBXGroup;
			children = (
				76350C04293CB27400FFF9FD /* Constants.swift */,
			);
			path = Helpers;
			sourceTree = "<group>";
		};
		76938429293E05AE002AE7AF /* Map */ = {
			isa = PBXGroup;
			children = (
				76051401293DBA5F0034807B /* ResultViewController.swift */,
				761895CE2918A415000C137E /* MapViewController.swift */,
				761895D02918D8EF000C137E /* MapContentViewController.swift */,
			);
			path = Map;
			sourceTree = "<group>";
		};
		E43E53673FC2ACC314452EF7 /* Frameworks */ = {
			isa = PBXGroup;
			children = (
				792F8F6669413391703DB32C /* Pods_WheelOfDinner.framework */,
				4075D7260302E221A6C3DCF0 /* Pods_WheelOfDinner_WheelOfDinnerUITests.framework */,
				0068BF894F9BF98C6E2DE6BF /* Pods_WheelOfDinnerTests.framework */,
			);
			name = Frameworks;
			sourceTree = "<group>";
		};
/* End PBXGroup section */

/* Begin PBXNativeTarget section */
		760E46C829134F5F00C2FA15 /* WheelOfDinner */ = {
			isa = PBXNativeTarget;
			buildConfigurationList = 760E46F329134F6000C2FA15 /* Build configuration list for PBXNativeTarget "WheelOfDinner" */;
			buildPhases = (
				9E3F6C66DEA935D8BABBAD50 /* [CP] Check Pods Manifest.lock */,
				760E46C529134F5F00C2FA15 /* Sources */,
				760E46C629134F5F00C2FA15 /* Frameworks */,
				760E46C729134F5F00C2FA15 /* Resources */,
				08A90C336A946C5E3B3F9444 /* [CP] Copy Pods Resources */,
			);
			buildRules = (
			);
			dependencies = (
			);
			name = WheelOfDinner;
			packageProductDependencies = (
				761895D32918DCA0000C137E /* FloatingPanel */,
				76E491F8291C9EE4003254E7 /* FirebaseAnalytics */,
				76E491FA291C9EE4003254E7 /* FirebaseAnalyticsSwift */,
				76E491FC291C9EE4003254E7 /* FirebaseAuth */,
				76E491FE291C9EE4003254E7 /* FirebaseAuthCombine-Community */,
				76E49200291C9EE4003254E7 /* FirebaseDatabase */,
				76E49202291C9EE4003254E7 /* FirebaseDatabaseSwift */,
				76E49204291C9EE4003254E7 /* FirebaseFirestore */,
				76E49206291C9EE4003254E7 /* FirebaseFirestoreCombine-Community */,
				76E49208291C9EE4003254E7 /* FirebaseFirestoreSwift */,
				76E4920A291C9EE4003254E7 /* FirebaseStorage */,
				76E4920C291C9EE4003254E7 /* FirebaseStorageCombine-Community */,
				76350C15293D7CEE00FFF9FD /* Kingfisher */,
			);
			productName = WheelOfDinner;
			productReference = 760E46C929134F5F00C2FA15 /* WheelOfDinner.app */;
			productType = "com.apple.product-type.application";
		};
		760E46DE29134F6000C2FA15 /* WheelOfDinnerTests */ = {
			isa = PBXNativeTarget;
			buildConfigurationList = 760E46F629134F6000C2FA15 /* Build configuration list for PBXNativeTarget "WheelOfDinnerTests" */;
			buildPhases = (
				3D29BAFECE7AED51D7F91C02 /* [CP] Check Pods Manifest.lock */,
				760E46DB29134F6000C2FA15 /* Sources */,
				760E46DC29134F6000C2FA15 /* Frameworks */,
				760E46DD29134F6000C2FA15 /* Resources */,
			);
			buildRules = (
			);
			dependencies = (
				760E46E129134F6000C2FA15 /* PBXTargetDependency */,
			);
			name = WheelOfDinnerTests;
			productName = WheelOfDinnerTests;
			productReference = 760E46DF29134F6000C2FA15 /* WheelOfDinnerTests.xctest */;
			productType = "com.apple.product-type.bundle.unit-test";
		};
		760E46E829134F6000C2FA15 /* WheelOfDinnerUITests */ = {
			isa = PBXNativeTarget;
			buildConfigurationList = 760E46F929134F6000C2FA15 /* Build configuration list for PBXNativeTarget "WheelOfDinnerUITests" */;
			buildPhases = (
				E6E63C8342111A83BA9AE461 /* [CP] Check Pods Manifest.lock */,
				760E46E529134F6000C2FA15 /* Sources */,
				760E46E629134F6000C2FA15 /* Frameworks */,
				760E46E729134F6000C2FA15 /* Resources */,
				95E865D65D7D6A855580B067 /* [CP] Copy Pods Resources */,
			);
			buildRules = (
			);
			dependencies = (
				760E46EB29134F6000C2FA15 /* PBXTargetDependency */,
			);
			name = WheelOfDinnerUITests;
			productName = WheelOfDinnerUITests;
			productReference = 760E46E929134F6000C2FA15 /* WheelOfDinnerUITests.xctest */;
			productType = "com.apple.product-type.bundle.ui-testing";
		};
/* End PBXNativeTarget section */

/* Begin PBXProject section */
		760E46C129134F5F00C2FA15 /* Project object */ = {
			isa = PBXProject;
			attributes = {
				BuildIndependentTargetsInParallel = 1;
				LastSwiftUpdateCheck = 1400;
				LastUpgradeCheck = 1400;
				TargetAttributes = {
					760E46C829134F5F00C2FA15 = {
						CreatedOnToolsVersion = 14.0.1;
					};
					760E46DE29134F6000C2FA15 = {
						CreatedOnToolsVersion = 14.0.1;
						TestTargetID = 760E46C829134F5F00C2FA15;
					};
					760E46E829134F6000C2FA15 = {
						CreatedOnToolsVersion = 14.0.1;
						TestTargetID = 760E46C829134F5F00C2FA15;
					};
				};
			};
			buildConfigurationList = 760E46C429134F5F00C2FA15 /* Build configuration list for PBXProject "WheelOfDinner" */;
			compatibilityVersion = "Xcode 14.0";
			developmentRegion = en;
			hasScannedForEncodings = 0;
			knownRegions = (
				en,
				Base,
			);
			mainGroup = 760E46C029134F5F00C2FA15;
			packageReferences = (
				761895D22918DCA0000C137E /* XCRemoteSwiftPackageReference "FloatingPanel" */,
				76E491F7291C9EE4003254E7 /* XCRemoteSwiftPackageReference "firebase-ios-sdk" */,
				76350C14293D7CEE00FFF9FD /* XCRemoteSwiftPackageReference "Kingfisher" */,
			);
			productRefGroup = 760E46CA29134F5F00C2FA15 /* Products */;
			projectDirPath = "";
			projectRoot = "";
			targets = (
				760E46C829134F5F00C2FA15 /* WheelOfDinner */,
				760E46DE29134F6000C2FA15 /* WheelOfDinnerTests */,
				760E46E829134F6000C2FA15 /* WheelOfDinnerUITests */,
			);
		};
/* End PBXProject section */

/* Begin PBXResourcesBuildPhase section */
		760E46C729134F5F00C2FA15 /* Resources */ = {
			isa = PBXResourcesBuildPhase;
			buildActionMask = 2147483647;
			files = (
				760E46D929134F6000C2FA15 /* LaunchScreen.storyboard in Resources */,
				76350BFF2939711400FFF9FD /* GoogleService-Info.plist in Resources */,
				760E46D629134F6000C2FA15 /* Assets.xcassets in Resources */,
				760E46D429134F5F00C2FA15 /* Main.storyboard in Resources */,
			);
			runOnlyForDeploymentPostprocessing = 0;
		};
		760E46DD29134F6000C2FA15 /* Resources */ = {
			isa = PBXResourcesBuildPhase;
			buildActionMask = 2147483647;
			files = (
			);
			runOnlyForDeploymentPostprocessing = 0;
		};
		760E46E729134F6000C2FA15 /* Resources */ = {
			isa = PBXResourcesBuildPhase;
			buildActionMask = 2147483647;
			files = (
			);
			runOnlyForDeploymentPostprocessing = 0;
		};
/* End PBXResourcesBuildPhase section */

/* Begin PBXShellScriptBuildPhase section */
		08A90C336A946C5E3B3F9444 /* [CP] Copy Pods Resources */ = {
			isa = PBXShellScriptBuildPhase;
			buildActionMask = 2147483647;
			files = (
			);
			inputFileListPaths = (
				"${PODS_ROOT}/Target Support Files/Pods-WheelOfDinner/Pods-WheelOfDinner-resources-${CONFIGURATION}-input-files.xcfilelist",
			);
			name = "[CP] Copy Pods Resources";
			outputFileListPaths = (
				"${PODS_ROOT}/Target Support Files/Pods-WheelOfDinner/Pods-WheelOfDinner-resources-${CONFIGURATION}-output-files.xcfilelist",
			);
			runOnlyForDeploymentPostprocessing = 0;
			shellPath = /bin/sh;
			shellScript = "\"${PODS_ROOT}/Target Support Files/Pods-WheelOfDinner/Pods-WheelOfDinner-resources.sh\"\n";
			showEnvVarsInLog = 0;
		};
		3D29BAFECE7AED51D7F91C02 /* [CP] Check Pods Manifest.lock */ = {
			isa = PBXShellScriptBuildPhase;
			buildActionMask = 2147483647;
			files = (
			);
			inputFileListPaths = (
			);
			inputPaths = (
				"${PODS_PODFILE_DIR_PATH}/Podfile.lock",
				"${PODS_ROOT}/Manifest.lock",
			);
			name = "[CP] Check Pods Manifest.lock";
			outputFileListPaths = (
			);
			outputPaths = (
				"$(DERIVED_FILE_DIR)/Pods-WheelOfDinnerTests-checkManifestLockResult.txt",
			);
			runOnlyForDeploymentPostprocessing = 0;
			shellPath = /bin/sh;
			shellScript = "diff \"${PODS_PODFILE_DIR_PATH}/Podfile.lock\" \"${PODS_ROOT}/Manifest.lock\" > /dev/null\nif [ $? != 0 ] ; then\n    # print error to STDERR\n    echo \"error: The sandbox is not in sync with the Podfile.lock. Run 'pod install' or update your CocoaPods installation.\" >&2\n    exit 1\nfi\n# This output is used by Xcode 'outputs' to avoid re-running this script phase.\necho \"SUCCESS\" > \"${SCRIPT_OUTPUT_FILE_0}\"\n";
			showEnvVarsInLog = 0;
		};
		95E865D65D7D6A855580B067 /* [CP] Copy Pods Resources */ = {
			isa = PBXShellScriptBuildPhase;
			buildActionMask = 2147483647;
			files = (
			);
			inputFileListPaths = (
				"${PODS_ROOT}/Target Support Files/Pods-WheelOfDinner-WheelOfDinnerUITests/Pods-WheelOfDinner-WheelOfDinnerUITests-resources-${CONFIGURATION}-input-files.xcfilelist",
			);
			name = "[CP] Copy Pods Resources";
			outputFileListPaths = (
				"${PODS_ROOT}/Target Support Files/Pods-WheelOfDinner-WheelOfDinnerUITests/Pods-WheelOfDinner-WheelOfDinnerUITests-resources-${CONFIGURATION}-output-files.xcfilelist",
			);
			runOnlyForDeploymentPostprocessing = 0;
			shellPath = /bin/sh;
			shellScript = "\"${PODS_ROOT}/Target Support Files/Pods-WheelOfDinner-WheelOfDinnerUITests/Pods-WheelOfDinner-WheelOfDinnerUITests-resources.sh\"\n";
			showEnvVarsInLog = 0;
		};
		9E3F6C66DEA935D8BABBAD50 /* [CP] Check Pods Manifest.lock */ = {
			isa = PBXShellScriptBuildPhase;
			buildActionMask = 2147483647;
			files = (
			);
			inputFileListPaths = (
			);
			inputPaths = (
				"${PODS_PODFILE_DIR_PATH}/Podfile.lock",
				"${PODS_ROOT}/Manifest.lock",
			);
			name = "[CP] Check Pods Manifest.lock";
			outputFileListPaths = (
			);
			outputPaths = (
				"$(DERIVED_FILE_DIR)/Pods-WheelOfDinner-checkManifestLockResult.txt",
			);
			runOnlyForDeploymentPostprocessing = 0;
			shellPath = /bin/sh;
			shellScript = "diff \"${PODS_PODFILE_DIR_PATH}/Podfile.lock\" \"${PODS_ROOT}/Manifest.lock\" > /dev/null\nif [ $? != 0 ] ; then\n    # print error to STDERR\n    echo \"error: The sandbox is not in sync with the Podfile.lock. Run 'pod install' or update your CocoaPods installation.\" >&2\n    exit 1\nfi\n# This output is used by Xcode 'outputs' to avoid re-running this script phase.\necho \"SUCCESS\" > \"${SCRIPT_OUTPUT_FILE_0}\"\n";
			showEnvVarsInLog = 0;
		};
		E6E63C8342111A83BA9AE461 /* [CP] Check Pods Manifest.lock */ = {
			isa = PBXShellScriptBuildPhase;
			buildActionMask = 2147483647;
			files = (
			);
			inputFileListPaths = (
			);
			inputPaths = (
				"${PODS_PODFILE_DIR_PATH}/Podfile.lock",
				"${PODS_ROOT}/Manifest.lock",
			);
			name = "[CP] Check Pods Manifest.lock";
			outputFileListPaths = (
			);
			outputPaths = (
				"$(DERIVED_FILE_DIR)/Pods-WheelOfDinner-WheelOfDinnerUITests-checkManifestLockResult.txt",
			);
			runOnlyForDeploymentPostprocessing = 0;
			shellPath = /bin/sh;
			shellScript = "diff \"${PODS_PODFILE_DIR_PATH}/Podfile.lock\" \"${PODS_ROOT}/Manifest.lock\" > /dev/null\nif [ $? != 0 ] ; then\n    # print error to STDERR\n    echo \"error: The sandbox is not in sync with the Podfile.lock. Run 'pod install' or update your CocoaPods installation.\" >&2\n    exit 1\nfi\n# This output is used by Xcode 'outputs' to avoid re-running this script phase.\necho \"SUCCESS\" > \"${SCRIPT_OUTPUT_FILE_0}\"\n";
			showEnvVarsInLog = 0;
		};
/* End PBXShellScriptBuildPhase section */

/* Begin PBXSourcesBuildPhase section */
		760E46C529134F5F00C2FA15 /* Sources */ = {
			isa = PBXSourcesBuildPhase;
			buildActionMask = 2147483647;
			files = (
				7693842B293E0B5E002AE7AF /* WebViewController.swift in Sources */,
				76051406293DD23F0034807B /* GooglePlacesManager.swift in Sources */,
				76E4920F291C9F39003254E7 /* Firebase.swift in Sources */,
				761895CD29189ED2000C137E /* YelpAPI.swift in Sources */,
				761895D12918D8EF000C137E /* MapContentViewController.swift in Sources */,
				76350C13293D7A9200FFF9FD /* Business.swift in Sources */,
				760E46D129134F5F00C2FA15 /* ViewController.swift in Sources */,
				76350C012939752A00FFF9FD /* LogInViewController.swift in Sources */,
				76350C05293CB27400FFF9FD /* Constants.swift in Sources */,
				76051400293DAD670034807B /* LikeViewController.swift in Sources */,
				76051402293DBA5F0034807B /* ResultViewController.swift in Sources */,
				760E46CD29134F5F00C2FA15 /* AppDelegate.swift in Sources */,
				76350C18293D8CCB00FFF9FD /* User.swift in Sources */,
				76350C08293CB31C00FFF9FD /* HomeViewController.swift in Sources */,
				76350C032939753B00FFF9FD /* SignUpViewController.swift in Sources */,
				76350C0D293D71B100FFF9FD /* TableViewCell.swift in Sources */,
				761895CF2918A415000C137E /* MapViewController.swift in Sources */,
				76350C11293D7A4600FFF9FD /* ResultModel.swift in Sources */,
				762D8FC5293ED66900500F19 /* UserModel.swift in Sources */,
				760E46CF29134F5F00C2FA15 /* SceneDelegate.swift in Sources */,
			);
			runOnlyForDeploymentPostprocessing = 0;
		};
		760E46DB29134F6000C2FA15 /* Sources */ = {
			isa = PBXSourcesBuildPhase;
			buildActionMask = 2147483647;
			files = (
				760E46E429134F6000C2FA15 /* WheelOfDinnerTests.swift in Sources */,
			);
			runOnlyForDeploymentPostprocessing = 0;
		};
		760E46E529134F6000C2FA15 /* Sources */ = {
			isa = PBXSourcesBuildPhase;
			buildActionMask = 2147483647;
			files = (
				760E46EE29134F6000C2FA15 /* WheelOfDinnerUITests.swift in Sources */,
				760E46F029134F6000C2FA15 /* WheelOfDinnerUITestsLaunchTests.swift in Sources */,
			);
			runOnlyForDeploymentPostprocessing = 0;
		};
/* End PBXSourcesBuildPhase section */

/* Begin PBXTargetDependency section */
		760E46E129134F6000C2FA15 /* PBXTargetDependency */ = {
			isa = PBXTargetDependency;
			target = 760E46C829134F5F00C2FA15 /* WheelOfDinner */;
			targetProxy = 760E46E029134F6000C2FA15 /* PBXContainerItemProxy */;
		};
		760E46EB29134F6000C2FA15 /* PBXTargetDependency */ = {
			isa = PBXTargetDependency;
			target = 760E46C829134F5F00C2FA15 /* WheelOfDinner */;
			targetProxy = 760E46EA29134F6000C2FA15 /* PBXContainerItemProxy */;
		};
/* End PBXTargetDependency section */

/* Begin PBXVariantGroup section */
		760E46D229134F5F00C2FA15 /* Main.storyboard */ = {
			isa = PBXVariantGroup;
			children = (
				760E46D329134F5F00C2FA15 /* Base */,
			);
			name = Main.storyboard;
			sourceTree = "<group>";
		};
		760E46D729134F6000C2FA15 /* LaunchScreen.storyboard */ = {
			isa = PBXVariantGroup;
			children = (
				760E46D829134F6000C2FA15 /* Base */,
			);
			name = LaunchScreen.storyboard;
			sourceTree = "<group>";
		};
/* End PBXVariantGroup section */

/* Begin XCBuildConfiguration section */
		760E46F129134F6000C2FA15 /* Debug */ = {
			isa = XCBuildConfiguration;
			buildSettings = {
				ALWAYS_SEARCH_USER_PATHS = NO;
				CLANG_ANALYZER_NONNULL = YES;
				CLANG_ANALYZER_NUMBER_OBJECT_CONVERSION = YES_AGGRESSIVE;
				CLANG_CXX_LANGUAGE_STANDARD = "gnu++20";
				CLANG_ENABLE_MODULES = YES;
				CLANG_ENABLE_OBJC_ARC = YES;
				CLANG_ENABLE_OBJC_WEAK = YES;
				CLANG_WARN_BLOCK_CAPTURE_AUTORELEASING = YES;
				CLANG_WARN_BOOL_CONVERSION = YES;
				CLANG_WARN_COMMA = YES;
				CLANG_WARN_CONSTANT_CONVERSION = YES;
				CLANG_WARN_DEPRECATED_OBJC_IMPLEMENTATIONS = YES;
				CLANG_WARN_DIRECT_OBJC_ISA_USAGE = YES_ERROR;
				CLANG_WARN_DOCUMENTATION_COMMENTS = YES;
				CLANG_WARN_EMPTY_BODY = YES;
				CLANG_WARN_ENUM_CONVERSION = YES;
				CLANG_WARN_INFINITE_RECURSION = YES;
				CLANG_WARN_INT_CONVERSION = YES;
				CLANG_WARN_NON_LITERAL_NULL_CONVERSION = YES;
				CLANG_WARN_OBJC_IMPLICIT_RETAIN_SELF = YES;
				CLANG_WARN_OBJC_LITERAL_CONVERSION = YES;
				CLANG_WARN_OBJC_ROOT_CLASS = YES_ERROR;
				CLANG_WARN_QUOTED_INCLUDE_IN_FRAMEWORK_HEADER = YES;
				CLANG_WARN_RANGE_LOOP_ANALYSIS = YES;
				CLANG_WARN_STRICT_PROTOTYPES = YES;
				CLANG_WARN_SUSPICIOUS_MOVE = YES;
				CLANG_WARN_UNGUARDED_AVAILABILITY = YES_AGGRESSIVE;
				CLANG_WARN_UNREACHABLE_CODE = YES;
				CLANG_WARN__DUPLICATE_METHOD_MATCH = YES;
				COPY_PHASE_STRIP = NO;
				DEBUG_INFORMATION_FORMAT = dwarf;
				ENABLE_STRICT_OBJC_MSGSEND = YES;
				ENABLE_TESTABILITY = YES;
				GCC_C_LANGUAGE_STANDARD = gnu11;
				GCC_DYNAMIC_NO_PIC = NO;
				GCC_NO_COMMON_BLOCKS = NO;
				GCC_OPTIMIZATION_LEVEL = 0;
				GCC_PREPROCESSOR_DEFINITIONS = (
					"DEBUG=1",
					"$(inherited)",
				);
				GCC_WARN_64_TO_32_BIT_CONVERSION = YES;
				GCC_WARN_ABOUT_RETURN_TYPE = YES_ERROR;
				GCC_WARN_UNDECLARED_SELECTOR = YES;
				GCC_WARN_UNINITIALIZED_AUTOS = YES_AGGRESSIVE;
				GCC_WARN_UNUSED_FUNCTION = YES;
				GCC_WARN_UNUSED_VARIABLE = YES;
				IPHONEOS_DEPLOYMENT_TARGET = 16.0;
				MTL_ENABLE_DEBUG_INFO = INCLUDE_SOURCE;
				MTL_FAST_MATH = YES;
				ONLY_ACTIVE_ARCH = YES;
				SDKROOT = iphoneos;
				SWIFT_ACTIVE_COMPILATION_CONDITIONS = DEBUG;
				SWIFT_OPTIMIZATION_LEVEL = "-Onone";
				VALIDATE_PRODUCT = YES;
			};
			name = Debug;
		};
		760E46F229134F6000C2FA15 /* Release */ = {
			isa = XCBuildConfiguration;
			buildSettings = {
				ALWAYS_SEARCH_USER_PATHS = NO;
				CLANG_ANALYZER_NONNULL = YES;
				CLANG_ANALYZER_NUMBER_OBJECT_CONVERSION = YES_AGGRESSIVE;
				CLANG_CXX_LANGUAGE_STANDARD = "gnu++20";
				CLANG_ENABLE_MODULES = YES;
				CLANG_ENABLE_OBJC_ARC = YES;
				CLANG_ENABLE_OBJC_WEAK = YES;
				CLANG_WARN_BLOCK_CAPTURE_AUTORELEASING = YES;
				CLANG_WARN_BOOL_CONVERSION = YES;
				CLANG_WARN_COMMA = YES;
				CLANG_WARN_CONSTANT_CONVERSION = YES;
				CLANG_WARN_DEPRECATED_OBJC_IMPLEMENTATIONS = YES;
				CLANG_WARN_DIRECT_OBJC_ISA_USAGE = YES_ERROR;
				CLANG_WARN_DOCUMENTATION_COMMENTS = YES;
				CLANG_WARN_EMPTY_BODY = YES;
				CLANG_WARN_ENUM_CONVERSION = YES;
				CLANG_WARN_INFINITE_RECURSION = YES;
				CLANG_WARN_INT_CONVERSION = YES;
				CLANG_WARN_NON_LITERAL_NULL_CONVERSION = YES;
				CLANG_WARN_OBJC_IMPLICIT_RETAIN_SELF = YES;
				CLANG_WARN_OBJC_LITERAL_CONVERSION = YES;
				CLANG_WARN_OBJC_ROOT_CLASS = YES_ERROR;
				CLANG_WARN_QUOTED_INCLUDE_IN_FRAMEWORK_HEADER = YES;
				CLANG_WARN_RANGE_LOOP_ANALYSIS = YES;
				CLANG_WARN_STRICT_PROTOTYPES = YES;
				CLANG_WARN_SUSPICIOUS_MOVE = YES;
				CLANG_WARN_UNGUARDED_AVAILABILITY = YES_AGGRESSIVE;
				CLANG_WARN_UNREACHABLE_CODE = YES;
				CLANG_WARN__DUPLICATE_METHOD_MATCH = YES;
				COPY_PHASE_STRIP = NO;
				DEBUG_INFORMATION_FORMAT = "dwarf-with-dsym";
				ENABLE_NS_ASSERTIONS = NO;
				ENABLE_STRICT_OBJC_MSGSEND = YES;
				GCC_C_LANGUAGE_STANDARD = gnu11;
				GCC_NO_COMMON_BLOCKS = NO;
				GCC_WARN_64_TO_32_BIT_CONVERSION = YES;
				GCC_WARN_ABOUT_RETURN_TYPE = YES_ERROR;
				GCC_WARN_UNDECLARED_SELECTOR = YES;
				GCC_WARN_UNINITIALIZED_AUTOS = YES_AGGRESSIVE;
				GCC_WARN_UNUSED_FUNCTION = YES;
				GCC_WARN_UNUSED_VARIABLE = YES;
				IPHONEOS_DEPLOYMENT_TARGET = 16.0;
				MTL_ENABLE_DEBUG_INFO = NO;
				MTL_FAST_MATH = YES;
				ONLY_ACTIVE_ARCH = NO;
				SDKROOT = iphoneos;
				SWIFT_COMPILATION_MODE = wholemodule;
				SWIFT_OPTIMIZATION_LEVEL = "-O";
				VALIDATE_PRODUCT = YES;
			};
			name = Release;
		};
		760E46F429134F6000C2FA15 /* Debug */ = {
			isa = XCBuildConfiguration;
			baseConfigurationReference = 8F8E28C6CB247388F3DBC337 /* Pods-WheelOfDinner.debug.xcconfig */;
			buildSettings = {
				ASSETCATALOG_COMPILER_APPICON_NAME = AppIcon;
				ASSETCATALOG_COMPILER_GLOBAL_ACCENT_COLOR_NAME = AccentColor;
				CODE_SIGN_IDENTITY = "Apple Development";
				CODE_SIGN_STYLE = Automatic;
				CURRENT_PROJECT_VERSION = 1;
				DEVELOPMENT_TEAM = GJW3JH36GW;
				GENERATE_INFOPLIST_FILE = YES;
				INFOPLIST_FILE = WheelOfDinner/Info.plist;
				INFOPLIST_KEY_CFBundleDisplayName = "Wheel Of Dinner";
				INFOPLIST_KEY_NSLocationAlwaysAndWhenInUseUsageDescription = "";
				INFOPLIST_KEY_NSLocationWhenInUseUsageDescription = "Please allow to view locations";
				INFOPLIST_KEY_UIApplicationSupportsIndirectInputEvents = YES;
				INFOPLIST_KEY_UILaunchStoryboardName = LaunchScreen;
				INFOPLIST_KEY_UIMainStoryboardFile = Main;
				INFOPLIST_KEY_UISupportedInterfaceOrientations = UIInterfaceOrientationPortrait;
				INFOPLIST_KEY_UISupportedInterfaceOrientations_iPad = "UIInterfaceOrientationPortrait UIInterfaceOrientationPortraitUpsideDown";
				LD_RUNPATH_SEARCH_PATHS = (
					"$(inherited)",
					"@executable_path/Frameworks",
				);
				MARKETING_VERSION = 1.0;
				PRODUCT_BUNDLE_IDENTIFIER = crispyinuo.WheelOfDinner;
				PRODUCT_NAME = "$(TARGET_NAME)";
				PROVISIONING_PROFILE_SPECIFIER = "";
				SWIFT_EMIT_LOC_STRINGS = YES;
				SWIFT_VERSION = 5.0;
				TARGETED_DEVICE_FAMILY = "1,2";
			};
			name = Debug;
		};
		760E46F529134F6000C2FA15 /* Release */ = {
			isa = XCBuildConfiguration;
			baseConfigurationReference = 9F9720B254D3F62499A0BB99 /* Pods-WheelOfDinner.release.xcconfig */;
			buildSettings = {
				ASSETCATALOG_COMPILER_APPICON_NAME = AppIcon;
				ASSETCATALOG_COMPILER_GLOBAL_ACCENT_COLOR_NAME = AccentColor;
				CODE_SIGN_IDENTITY = "Apple Development";
				CODE_SIGN_STYLE = Automatic;
				CURRENT_PROJECT_VERSION = 1;
				DEVELOPMENT_TEAM = GJW3JH36GW;
				GENERATE_INFOPLIST_FILE = YES;
				INFOPLIST_FILE = WheelOfDinner/Info.plist;
				INFOPLIST_KEY_CFBundleDisplayName = "Wheel Of Dinner";
				INFOPLIST_KEY_NSLocationAlwaysAndWhenInUseUsageDescription = "";
				INFOPLIST_KEY_NSLocationWhenInUseUsageDescription = "Please allow to view locations";
				INFOPLIST_KEY_UIApplicationSupportsIndirectInputEvents = YES;
				INFOPLIST_KEY_UILaunchStoryboardName = LaunchScreen;
				INFOPLIST_KEY_UIMainStoryboardFile = Main;
				INFOPLIST_KEY_UISupportedInterfaceOrientations = UIInterfaceOrientationPortrait;
				INFOPLIST_KEY_UISupportedInterfaceOrientations_iPad = "UIInterfaceOrientationPortrait UIInterfaceOrientationPortraitUpsideDown";
				LD_RUNPATH_SEARCH_PATHS = (
					"$(inherited)",
					"@executable_path/Frameworks",
				);
				MARKETING_VERSION = 1.0;
				PRODUCT_BUNDLE_IDENTIFIER = crispyinuo.WheelOfDinner;
				PRODUCT_NAME = "$(TARGET_NAME)";
				PROVISIONING_PROFILE_SPECIFIER = "";
				SWIFT_EMIT_LOC_STRINGS = YES;
				SWIFT_VERSION = 5.0;
				TARGETED_DEVICE_FAMILY = "1,2";
			};
			name = Release;
		};
		760E46F729134F6000C2FA15 /* Debug */ = {
			isa = XCBuildConfiguration;
			baseConfigurationReference = 93D444685F559D5A96A12079 /* Pods-WheelOfDinnerTests.debug.xcconfig */;
			buildSettings = {
				ALWAYS_EMBED_SWIFT_STANDARD_LIBRARIES = YES;
				BUNDLE_LOADER = "$(TEST_HOST)";
				CODE_SIGN_STYLE = Automatic;
				CURRENT_PROJECT_VERSION = 1;
				DEVELOPMENT_TEAM = RQQFS8372V;
				GENERATE_INFOPLIST_FILE = YES;
				IPHONEOS_DEPLOYMENT_TARGET = 16.0;
				MARKETING_VERSION = 1.0;
				PRODUCT_BUNDLE_IDENTIFIER = edu.usc.WheelOfDinnerTests;
				PRODUCT_NAME = "$(TARGET_NAME)";
				SWIFT_EMIT_LOC_STRINGS = NO;
				SWIFT_VERSION = 5.0;
				TARGETED_DEVICE_FAMILY = "1,2";
				TEST_HOST = "$(BUILT_PRODUCTS_DIR)/WheelOfDinner.app/$(BUNDLE_EXECUTABLE_FOLDER_PATH)/WheelOfDinner";
			};
			name = Debug;
		};
		760E46F829134F6000C2FA15 /* Release */ = {
			isa = XCBuildConfiguration;
			baseConfigurationReference = 43F077CFEB3047C5CC45D86F /* Pods-WheelOfDinnerTests.release.xcconfig */;
			buildSettings = {
				ALWAYS_EMBED_SWIFT_STANDARD_LIBRARIES = YES;
				BUNDLE_LOADER = "$(TEST_HOST)";
				CODE_SIGN_STYLE = Automatic;
				CURRENT_PROJECT_VERSION = 1;
				DEVELOPMENT_TEAM = RQQFS8372V;
				GENERATE_INFOPLIST_FILE = YES;
				IPHONEOS_DEPLOYMENT_TARGET = 16.0;
				MARKETING_VERSION = 1.0;
				PRODUCT_BUNDLE_IDENTIFIER = edu.usc.WheelOfDinnerTests;
				PRODUCT_NAME = "$(TARGET_NAME)";
				SWIFT_EMIT_LOC_STRINGS = NO;
				SWIFT_VERSION = 5.0;
				TARGETED_DEVICE_FAMILY = "1,2";
				TEST_HOST = "$(BUILT_PRODUCTS_DIR)/WheelOfDinner.app/$(BUNDLE_EXECUTABLE_FOLDER_PATH)/WheelOfDinner";
			};
			name = Release;
		};
		760E46FA29134F6000C2FA15 /* Debug */ = {
			isa = XCBuildConfiguration;
			baseConfigurationReference = E0DB7C6AE6EDC5BE079621AC /* Pods-WheelOfDinner-WheelOfDinnerUITests.debug.xcconfig */;
			buildSettings = {
				ALWAYS_EMBED_SWIFT_STANDARD_LIBRARIES = YES;
				CODE_SIGN_STYLE = Automatic;
				CURRENT_PROJECT_VERSION = 1;
				DEVELOPMENT_TEAM = RQQFS8372V;
				GENERATE_INFOPLIST_FILE = YES;
				MARKETING_VERSION = 1.0;
				PRODUCT_BUNDLE_IDENTIFIER = edu.usc.WheelOfDinnerUITests;
				PRODUCT_NAME = "$(TARGET_NAME)";
				SWIFT_EMIT_LOC_STRINGS = NO;
				SWIFT_VERSION = 5.0;
				TARGETED_DEVICE_FAMILY = "1,2";
				TEST_TARGET_NAME = WheelOfDinner;
			};
			name = Debug;
		};
		760E46FB29134F6000C2FA15 /* Release */ = {
			isa = XCBuildConfiguration;
			baseConfigurationReference = DCFBF12EAF26195A1D07B213 /* Pods-WheelOfDinner-WheelOfDinnerUITests.release.xcconfig */;
			buildSettings = {
				ALWAYS_EMBED_SWIFT_STANDARD_LIBRARIES = YES;
				CODE_SIGN_STYLE = Automatic;
				CURRENT_PROJECT_VERSION = 1;
				DEVELOPMENT_TEAM = RQQFS8372V;
				GENERATE_INFOPLIST_FILE = YES;
				MARKETING_VERSION = 1.0;
				PRODUCT_BUNDLE_IDENTIFIER = edu.usc.WheelOfDinnerUITests;
				PRODUCT_NAME = "$(TARGET_NAME)";
				SWIFT_EMIT_LOC_STRINGS = NO;
				SWIFT_VERSION = 5.0;
				TARGETED_DEVICE_FAMILY = "1,2";
				TEST_TARGET_NAME = WheelOfDinner;
			};
			name = Release;
		};
/* End XCBuildConfiguration section */

/* Begin XCConfigurationList section */
		760E46C429134F5F00C2FA15 /* Build configuration list for PBXProject "WheelOfDinner" */ = {
			isa = XCConfigurationList;
			buildConfigurations = (
				760E46F129134F6000C2FA15 /* Debug */,
				760E46F229134F6000C2FA15 /* Release */,
			);
			defaultConfigurationIsVisible = 0;
			defaultConfigurationName = Release;
		};
		760E46F329134F6000C2FA15 /* Build configuration list for PBXNativeTarget "WheelOfDinner" */ = {
			isa = XCConfigurationList;
			buildConfigurations = (
				760E46F429134F6000C2FA15 /* Debug */,
				760E46F529134F6000C2FA15 /* Release */,
			);
			defaultConfigurationIsVisible = 0;
			defaultConfigurationName = Release;
		};
		760E46F629134F6000C2FA15 /* Build configuration list for PBXNativeTarget "WheelOfDinnerTests" */ = {
			isa = XCConfigurationList;
			buildConfigurations = (
				760E46F729134F6000C2FA15 /* Debug */,
				760E46F829134F6000C2FA15 /* Release */,
			);
			defaultConfigurationIsVisible = 0;
			defaultConfigurationName = Release;
		};
		760E46F929134F6000C2FA15 /* Build configuration list for PBXNativeTarget "WheelOfDinnerUITests" */ = {
			isa = XCConfigurationList;
			buildConfigurations = (
				760E46FA29134F6000C2FA15 /* Debug */,
				760E46FB29134F6000C2FA15 /* Release */,
			);
			defaultConfigurationIsVisible = 0;
			defaultConfigurationName = Release;
		};
/* End XCConfigurationList section */

/* Begin XCRemoteSwiftPackageReference section */
		761895D22918DCA0000C137E /* XCRemoteSwiftPackageReference "FloatingPanel" */ = {
			isa = XCRemoteSwiftPackageReference;
			repositoryURL = "https://github.com/SCENEE/FloatingPanel.git";
			requirement = {
				kind = upToNextMajorVersion;
				minimumVersion = 2.0.0;
			};
		};
		76350C14293D7CEE00FFF9FD /* XCRemoteSwiftPackageReference "Kingfisher" */ = {
			isa = XCRemoteSwiftPackageReference;
			repositoryURL = "https://github.com/onevcat/Kingfisher.git";
			requirement = {
				branch = master;
				kind = branch;
			};
		};
		76E491F7291C9EE4003254E7 /* XCRemoteSwiftPackageReference "firebase-ios-sdk" */ = {
			isa = XCRemoteSwiftPackageReference;
			repositoryURL = "https://github.com/firebase/firebase-ios-sdk";
			requirement = {
				kind = upToNextMajorVersion;
				minimumVersion = 9.0.0;
			};
		};
/* End XCRemoteSwiftPackageReference section */

/* Begin XCSwiftPackageProductDependency section */
		761895D32918DCA0000C137E /* FloatingPanel */ = {
			isa = XCSwiftPackageProductDependency;
			package = 761895D22918DCA0000C137E /* XCRemoteSwiftPackageReference "FloatingPanel" */;
			productName = FloatingPanel;
		};
		76350C15293D7CEE00FFF9FD /* Kingfisher */ = {
			isa = XCSwiftPackageProductDependency;
			package = 76350C14293D7CEE00FFF9FD /* XCRemoteSwiftPackageReference "Kingfisher" */;
			productName = Kingfisher;
		};
		76E491F8291C9EE4003254E7 /* FirebaseAnalytics */ = {
			isa = XCSwiftPackageProductDependency;
			package = 76E491F7291C9EE4003254E7 /* XCRemoteSwiftPackageReference "firebase-ios-sdk" */;
			productName = FirebaseAnalytics;
		};
		76E491FA291C9EE4003254E7 /* FirebaseAnalyticsSwift */ = {
			isa = XCSwiftPackageProductDependency;
			package = 76E491F7291C9EE4003254E7 /* XCRemoteSwiftPackageReference "firebase-ios-sdk" */;
			productName = FirebaseAnalyticsSwift;
		};
		76E491FC291C9EE4003254E7 /* FirebaseAuth */ = {
			isa = XCSwiftPackageProductDependency;
			package = 76E491F7291C9EE4003254E7 /* XCRemoteSwiftPackageReference "firebase-ios-sdk" */;
			productName = FirebaseAuth;
		};
		76E491FE291C9EE4003254E7 /* FirebaseAuthCombine-Community */ = {
			isa = XCSwiftPackageProductDependency;
			package = 76E491F7291C9EE4003254E7 /* XCRemoteSwiftPackageReference "firebase-ios-sdk" */;
			productName = "FirebaseAuthCombine-Community";
		};
		76E49200291C9EE4003254E7 /* FirebaseDatabase */ = {
			isa = XCSwiftPackageProductDependency;
			package = 76E491F7291C9EE4003254E7 /* XCRemoteSwiftPackageReference "firebase-ios-sdk" */;
			productName = FirebaseDatabase;
		};
		76E49202291C9EE4003254E7 /* FirebaseDatabaseSwift */ = {
			isa = XCSwiftPackageProductDependency;
			package = 76E491F7291C9EE4003254E7 /* XCRemoteSwiftPackageReference "firebase-ios-sdk" */;
			productName = FirebaseDatabaseSwift;
		};
		76E49204291C9EE4003254E7 /* FirebaseFirestore */ = {
			isa = XCSwiftPackageProductDependency;
			package = 76E491F7291C9EE4003254E7 /* XCRemoteSwiftPackageReference "firebase-ios-sdk" */;
			productName = FirebaseFirestore;
		};
		76E49206291C9EE4003254E7 /* FirebaseFirestoreCombine-Community */ = {
			isa = XCSwiftPackageProductDependency;
			package = 76E491F7291C9EE4003254E7 /* XCRemoteSwiftPackageReference "firebase-ios-sdk" */;
			productName = "FirebaseFirestoreCombine-Community";
		};
		76E49208291C9EE4003254E7 /* FirebaseFirestoreSwift */ = {
			isa = XCSwiftPackageProductDependency;
			package = 76E491F7291C9EE4003254E7 /* XCRemoteSwiftPackageReference "firebase-ios-sdk" */;
			productName = FirebaseFirestoreSwift;
		};
		76E4920A291C9EE4003254E7 /* FirebaseStorage */ = {
			isa = XCSwiftPackageProductDependency;
			package = 76E491F7291C9EE4003254E7 /* XCRemoteSwiftPackageReference "firebase-ios-sdk" */;
			productName = FirebaseStorage;
		};
		76E4920C291C9EE4003254E7 /* FirebaseStorageCombine-Community */ = {
			isa = XCSwiftPackageProductDependency;
			package = 76E491F7291C9EE4003254E7 /* XCRemoteSwiftPackageReference "firebase-ios-sdk" */;
			productName = "FirebaseStorageCombine-Community";
		};
/* End XCSwiftPackageProductDependency section */
	};
	rootObject = 760E46C129134F5F00C2FA15 /* Project object */;
}
